
Microsoft Visual Studio Solution File, Format Version 10.00
# Visual Studio 2008
Project("{FAE04EC0-301F-11D3-BF4B-00C04F79EFBC}") = "NHibernate.Caches.SharedCache", "NHibernate.Caches.SharedCache\NHibernate.Caches.SharedCache.csproj", "{F67ECF65-16D8-400D-A3D7-93A359C26A76}"
EndProject
Project("{FAE04EC0-301F-11D3-BF4B-00C04F79EFBC}") = "NHibernate.Caches.SharedCache.Tests", "NHibernate.Caches.SharedCache.Tests\NHibernate.Caches.SharedCache.Tests.csproj", "{D54BB1AC-274D-4BD7-B89D-05A61078C83F}"
EndProject
Project("{2150E333-8FDC-42A3-9474-1A3956D46DE8}") = "Solution Items", "Solution Items", "{FC1E000B-810E-4030-AF6D-A5A1F64210FC}"
	ProjectSection(SolutionItems) = preProject
		default.build = default.build
	EndProjectSection
EndProject
Global
	GlobalSection(SolutionConfigurationPlatforms) = preSolution
		Debug|Any CPU = Debug|Any CPU
		Release|Any CPU = Release|Any CPU
	EndGlobalSection
	GlobalSection(ProjectConfigurationPlatforms) = postSolution
		{F67ECF65-16D8-400D-A3D7-93A359C26A76}.Debug|Any CPU.ActiveCfg = Debug|Any CPU
		{F67ECF65-16D8-400D-A3D7-93A359C26A76}.Debug|Any CPU.Build.0 = Debug|Any CPU
		{F67ECF65-16D8-400D-A3D7-93A359C26A76}.Release|Any CPU.ActiveCfg = Release|Any CPU
		{F67ECF65-16D8-400D-A3D7-93A359C26A76}.Release|Any CPU.Build.0 = Release|Any CPU
		{D54BB1AC-274D-4BD7-B89D-05A61078C83F}.Debug|Any CPU.ActiveCfg = Debug|Any CPU
		{D54BB1AC-274D-4BD7-B89D-05A61078C83F}.Debug|Any CPU.Build.0 = Debug|Any CPU
		{D54BB1AC-274D-4BD7-B89D-05A61078C83F}.Release|Any CPU.ActiveCfg = Release|Any CPU
		{D54BB1AC-274D-4BD7-B89D-05A61078C83F}.Release|Any CPU.Build.0 = Release|Any CPU
	EndGlobalSection
	GlobalSection(SolutionProperties) = preSolution
		HideSolutionNode = FALSE
	EndGlobalSection
EndGlobal
