
Microsoft Visual Studio Solution File, Format Version 10.00
# Visual Studio 2008
Project("{FAE04EC0-301F-11D3-BF4B-00C04F79EFBC}") = "NHibernate.Caches.SysCache2", "NHibernate.Caches.SysCache2\NHibernate.Caches.SysCache2.csproj", "{F5852ECD-C05B-4C98-B300-702BA8D8244C}"
EndProject
Project("{2150E333-8FDC-42A3-9474-1A3956D46DE8}") = "Solution Items", "Solution Items", "{18B88B0B-E4B3-4EA8-ABAA-3973C482C600}"
	ProjectSection(SolutionItems) = preProject
		default.build = default.build
	EndProjectSection
EndProject
Global
	GlobalSection(SolutionConfigurationPlatforms) = preSolution
		Debug|Any CPU = Debug|Any CPU
		Release|Any CPU = Release|Any CPU
	EndGlobalSection
	GlobalSection(ProjectConfigurationPlatforms) = postSolution
		{F5852ECD-C05B-4C98-B300-702BA8D8244C}.Debug|Any CPU.ActiveCfg = Debug|Any CPU
		{F5852ECD-C05B-4C98-B300-702BA8D8244C}.Debug|Any CPU.Build.0 = Debug|Any CPU
		{F5852ECD-C05B-4C98-B300-702BA8D8244C}.Release|Any CPU.ActiveCfg = Release|Any CPU
		{F5852ECD-C05B-4C98-B300-702BA8D8244C}.Release|Any CPU.Build.0 = Release|Any CPU
	EndGlobalSection
	GlobalSection(SolutionProperties) = preSolution
		HideSolutionNode = FALSE
	EndGlobalSection
EndGlobal
